
Microsoft Visual Studio Solution File, Format Version 12.00
# Visual Studio Version 16
VisualStudioVersion = 16.0.29509.3
MinimumVisualStudioVersion = 10.0.40219.1
Project("{9A19103F-16F7-4668-BE54-9A1E7A4F7556}") = "CCETest.Web", "CCE.Web\CCETest.Web.csproj", "{6FB95F00-8256-4F67-A302-8FA92A22060B}"
EndProject
Project("{9A19103F-16F7-4668-BE54-9A1E7A4F7556}") = "CCETest.Models", "CCE.Models\CCETest.Models.csproj", "{4E62315D-C08B-4510-BBB8-8F735560CB1D}"
EndProject
Project("{FAE04EC0-301F-11D3-BF4B-00C04F79EFBC}") = "CCE.Middleware", "CCE.Middleware\ClassLibrary1\CCE.Middleware.csproj", "{B8DAEF2B-9A7A-40B7-9B35-2365505EEA9C}"
EndProject
Project("{FAE04EC0-301F-11D3-BF4B-00C04F79EFBC}") = "CCE.Extensions", "CCE.Extensions\CCE.Extensions\CCE.Extensions.csproj", "{F895999C-525B-42DA-9540-A4D0F98946DF}"
EndProject
Project("{FAE04EC0-301F-11D3-BF4B-00C04F79EFBC}") = "CCE.Common", "CCE.Common\CCE.Common\CCE.Common.csproj", "{BCC1D3CC-7F3D-4543-80A3-0AE94BF8FCC7}"
EndProject
Global
	GlobalSection(SolutionConfigurationPlatforms) = preSolution
		Debug|Any CPU = Debug|Any CPU
		Release|Any CPU = Release|Any CPU
	EndGlobalSection
	GlobalSection(ProjectConfigurationPlatforms) = postSolution
		{6FB95F00-8256-4F67-A302-8FA92A22060B}.Debug|Any CPU.ActiveCfg = Debug|Any CPU
		{6FB95F00-8256-4F67-A302-8FA92A22060B}.Debug|Any CPU.Build.0 = Debug|Any CPU
		{6FB95F00-8256-4F67-A302-8FA92A22060B}.Release|Any CPU.ActiveCfg = Release|Any CPU
		{6FB95F00-8256-4F67-A302-8FA92A22060B}.Release|Any CPU.Build.0 = Release|Any CPU
		{4E62315D-C08B-4510-BBB8-8F735560CB1D}.Debug|Any CPU.ActiveCfg = Debug|Any CPU
		{4E62315D-C08B-4510-BBB8-8F735560CB1D}.Debug|Any CPU.Build.0 = Debug|Any CPU
		{4E62315D-C08B-4510-BBB8-8F735560CB1D}.Release|Any CPU.ActiveCfg = Release|Any CPU
		{4E62315D-C08B-4510-BBB8-8F735560CB1D}.Release|Any CPU.Build.0 = Release|Any CPU
		{B8DAEF2B-9A7A-40B7-9B35-2365505EEA9C}.Debug|Any CPU.ActiveCfg = Debug|Any CPU
		{B8DAEF2B-9A7A-40B7-9B35-2365505EEA9C}.Debug|Any CPU.Build.0 = Debug|Any CPU
		{B8DAEF2B-9A7A-40B7-9B35-2365505EEA9C}.Release|Any CPU.ActiveCfg = Release|Any CPU
		{B8DAEF2B-9A7A-40B7-9B35-2365505EEA9C}.Release|Any CPU.Build.0 = Release|Any CPU
		{F895999C-525B-42DA-9540-A4D0F98946DF}.Debug|Any CPU.ActiveCfg = Debug|Any CPU
		{F895999C-525B-42DA-9540-A4D0F98946DF}.Debug|Any CPU.Build.0 = Debug|Any CPU
		{F895999C-525B-42DA-9540-A4D0F98946DF}.Release|Any CPU.ActiveCfg = Release|Any CPU
		{F895999C-525B-42DA-9540-A4D0F98946DF}.Release|Any CPU.Build.0 = Release|Any CPU
		{BCC1D3CC-7F3D-4543-80A3-0AE94BF8FCC7}.Debug|Any CPU.ActiveCfg = Debug|Any CPU
		{BCC1D3CC-7F3D-4543-80A3-0AE94BF8FCC7}.Debug|Any CPU.Build.0 = Debug|Any CPU
		{BCC1D3CC-7F3D-4543-80A3-0AE94BF8FCC7}.Release|Any CPU.ActiveCfg = Release|Any CPU
		{BCC1D3CC-7F3D-4543-80A3-0AE94BF8FCC7}.Release|Any CPU.Build.0 = Release|Any CPU
	EndGlobalSection
	GlobalSection(SolutionProperties) = preSolution
		HideSolutionNode = FALSE
	EndGlobalSection
	GlobalSection(ExtensibilityGlobals) = postSolution
		SolutionGuid = {901525B5-C2F6-4EF0-9F6D-1C06184794D9}
	EndGlobalSection
EndGlobal
