
Microsoft Visual Studio Solution File, Format Version 12.00
# Visual Studio Version 16
VisualStudioVersion = 16.0.29509.3
MinimumVisualStudioVersion = 10.0.40219.1
Project("{9A19103F-16F7-4668-BE54-9A1E7A4F7556}") = "CCETest.Web", "CCE.Web\CCETest.Web.csproj", "{6FB95F00-8256-4F67-A302-8FA92A22060B}"
EndProject
Project("{9A19103F-16F7-4668-BE54-9A1E7A4F7556}") = "CCETest.Models", "CCE.Models\CCETest.Models.csproj", "{4E62315D-C08B-4510-BBB8-8F735560CB1D}"
EndProject
Global
	GlobalSection(SolutionConfigurationPlatforms) = preSolution
		Debug|Any CPU = Debug|Any CPU
		Release|Any CPU = Release|Any CPU
	EndGlobalSection
	GlobalSection(ProjectConfigurationPlatforms) = postSolution
		{6FB95F00-8256-4F67-A302-8FA92A22060B}.Debug|Any CPU.ActiveCfg = Debug|Any CPU
		{6FB95F00-8256-4F67-A302-8FA92A22060B}.Debug|Any CPU.Build.0 = Debug|Any CPU
		{6FB95F00-8256-4F67-A302-8FA92A22060B}.Release|Any CPU.ActiveCfg = Release|Any CPU
		{6FB95F00-8256-4F67-A302-8FA92A22060B}.Release|Any CPU.Build.0 = Release|Any CPU
		{4E62315D-C08B-4510-BBB8-8F735560CB1D}.Debug|Any CPU.ActiveCfg = Debug|Any CPU
		{4E62315D-C08B-4510-BBB8-8F735560CB1D}.Debug|Any CPU.Build.0 = Debug|Any CPU
		{4E62315D-C08B-4510-BBB8-8F735560CB1D}.Release|Any CPU.ActiveCfg = Release|Any CPU
		{4E62315D-C08B-4510-BBB8-8F735560CB1D}.Release|Any CPU.Build.0 = Release|Any CPU
	EndGlobalSection
	GlobalSection(SolutionProperties) = preSolution
		HideSolutionNode = FALSE
	EndGlobalSection
	GlobalSection(ExtensibilityGlobals) = postSolution
		SolutionGuid = {901525B5-C2F6-4EF0-9F6D-1C06184794D9}
	EndGlobalSection
EndGlobal
